
Microsoft Visual Studio Solution File, Format Version 12.00
# Visual Studio Version 16
VisualStudioVersion = 16.0.30406.217
MinimumVisualStudioVersion = 10.0.40219.1
Project("{FAE04EC0-301F-11D3-BF4B-00C04F79EFBC}") = "MyStore", "MyStore\MyStore.csproj", "{E0166E2B-2E8B-4558-9EF7-0C3E943DE95A}"
EndProject
Global
	GlobalSection(SolutionConfigurationPlatforms) = preSolution
		Debug|Any CPU = Debug|Any CPU
		Release|Any CPU = Release|Any CPU
	EndGlobalSection
	GlobalSection(ProjectConfigurationPlatforms) = postSolution
		{E0166E2B-2E8B-4558-9EF7-0C3E943DE95A}.Debug|Any CPU.ActiveCfg = Debug|Any CPU
		{E0166E2B-2E8B-4558-9EF7-0C3E943DE95A}.Debug|Any CPU.Build.0 = Debug|Any CPU
		{E0166E2B-2E8B-4558-9EF7-0C3E943DE95A}.Release|Any CPU.ActiveCfg = Release|Any CPU
		{E0166E2B-2E8B-4558-9EF7-0C3E943DE95A}.Release|Any CPU.Build.0 = Release|Any CPU
	EndGlobalSection
	GlobalSection(SolutionProperties) = preSolution
		HideSolutionNode = FALSE
	EndGlobalSection
	GlobalSection(ExtensibilityGlobals) = postSolution
		SolutionGuid = {6B6D2AE7-DC9B-4686-8EF9-50D8701C3130}
	EndGlobalSection
EndGlobal
